
Microsoft Visual Studio Solution File, Format Version 12.00
# Visual Studio Version 16
VisualStudioVersion = 16.0.29509.3
MinimumVisualStudioVersion = 10.0.40219.1
Project("{FAE04EC0-301F-11D3-BF4B-00C04F79EFBC}") = "Laminar", "Laminar.csproj", "{A76C769E-BA93-4571-999B-6415AAFD75E4}"
EndProject
Global
	GlobalSection(SolutionConfigurationPlatforms) = preSolution
		Debug|Any CPU = Debug|Any CPU
		Release|Any CPU = Release|Any CPU
	EndGlobalSection
	GlobalSection(ProjectConfigurationPlatforms) = postSolution
		{A76C769E-BA93-4571-999B-6415AAFD75E4}.Debug|Any CPU.ActiveCfg = Debug|Any CPU
		{A76C769E-BA93-4571-999B-6415AAFD75E4}.Debug|Any CPU.Build.0 = Debug|Any CPU
		{A76C769E-BA93-4571-999B-6415AAFD75E4}.Release|Any CPU.ActiveCfg = Release|Any CPU
		{A76C769E-BA93-4571-999B-6415AAFD75E4}.Release|Any CPU.Build.0 = Release|Any CPU
	EndGlobalSection
	GlobalSection(SolutionProperties) = preSolution
		HideSolutionNode = FALSE
	EndGlobalSection
	GlobalSection(ExtensibilityGlobals) = postSolution
		SolutionGuid = {8EE6536F-6322-4799-BC1A-E8E8D562173F}
	EndGlobalSection
EndGlobal
